
Microsoft Visual Studio Solution File, Format Version 12.00
# Visual Studio Version 17
VisualStudioVersion = 17.8.34322.80
MinimumVisualStudioVersion = 10.0.40219.1
Project("{FAE04EC0-301F-11D3-BF4B-00C04F79EFBC}") = "Tester", "Tester\Tester.csproj", "{A547B210-A2FD-427A-B89D-AC8484DAA20E}"
EndProject
Global
	GlobalSection(SolutionConfigurationPlatforms) = preSolution
		Debug|Any CPU = Debug|Any CPU
		Release|Any CPU = Release|Any CPU
	EndGlobalSection
	GlobalSection(ProjectConfigurationPlatforms) = postSolution
		{A547B210-A2FD-427A-B89D-AC8484DAA20E}.Debug|Any CPU.ActiveCfg = Debug|Any CPU
		{A547B210-A2FD-427A-B89D-AC8484DAA20E}.Debug|Any CPU.Build.0 = Debug|Any CPU
		{A547B210-A2FD-427A-B89D-AC8484DAA20E}.Release|Any CPU.ActiveCfg = Release|Any CPU
		{A547B210-A2FD-427A-B89D-AC8484DAA20E}.Release|Any CPU.Build.0 = Release|Any CPU
	EndGlobalSection
	GlobalSection(SolutionProperties) = preSolution
		HideSolutionNode = FALSE
	EndGlobalSection
	GlobalSection(ExtensibilityGlobals) = postSolution
		SolutionGuid = {5ED68F24-E7A0-46C2-AD81-F33EE7B815C4}
	EndGlobalSection
EndGlobal
